
Microsoft Visual Studio Solution File, Format Version 12.00
# Visual Studio Version 16
VisualStudioVersion = 16.0.29306.81
MinimumVisualStudioVersion = 10.0.40219.1
Project("{8BC9CEB8-8B4A-11D0-8D11-00A0C91BC942}") = "mnist", "mnist\mnist.vcxproj", "{7A6DBDE8-B9F4-4B55-A663-BC52A2035383}"
EndProject
Project("{8BC9CEB8-8B4A-11D0-8D11-00A0C91BC942}") = "RNN", "RNN\RNN.vcxproj", "{15A557FE-ADD8-45FC-9B83-5501F3CC1640}"
EndProject
Project("{8BC9CEB8-8B4A-11D0-8D11-00A0C91BC942}") = "mnist_double", "mnist_double\mnist_double.vcxproj", "{C5A3C607-C5AE-4AB8-A23C-8B3315077F1E}"
EndProject
Project("{888888A0-9F3D-457C-B088-3A5042F75D52}") = "KerasNN", "KerasNN\KerasNN.pyproj", "{C6ECA51C-34A8-4DAC-9A8A-93DA7899F434}"
EndProject
Project("{2150E333-8FDC-42A3-9474-1A3956D46DE8}") = "Github", "Github", "{24E376A7-579E-4C8B-A09D-7AD370BF264E}"
	ProjectSection(SolutionItems) = preProject
		README.md = README.md
	EndProjectSection
EndProject
Project("{8BC9CEB8-8B4A-11D0-8D11-00A0C91BC942}") = "ReinaLibrary", "..\ReinaLibrary\ReinaLibrary\ReinaLibrary.vcxproj", "{1525A949-6E8D-497A-9924-5221A3E85694}"
EndProject
Global
	GlobalSection(SolutionConfigurationPlatforms) = preSolution
		Debug|Any CPU = Debug|Any CPU
		Debug|x64 = Debug|x64
		Debug|x86 = Debug|x86
		Release|Any CPU = Release|Any CPU
		Release|x64 = Release|x64
		Release|x86 = Release|x86
	EndGlobalSection
	GlobalSection(ProjectConfigurationPlatforms) = postSolution
		{7A6DBDE8-B9F4-4B55-A663-BC52A2035383}.Debug|Any CPU.ActiveCfg = Debug|Win32
		{7A6DBDE8-B9F4-4B55-A663-BC52A2035383}.Debug|x64.ActiveCfg = Debug|x64
		{7A6DBDE8-B9F4-4B55-A663-BC52A2035383}.Debug|x64.Build.0 = Debug|x64
		{7A6DBDE8-B9F4-4B55-A663-BC52A2035383}.Debug|x86.ActiveCfg = Debug|Win32
		{7A6DBDE8-B9F4-4B55-A663-BC52A2035383}.Debug|x86.Build.0 = Debug|Win32
		{7A6DBDE8-B9F4-4B55-A663-BC52A2035383}.Release|Any CPU.ActiveCfg = Release|Win32
		{7A6DBDE8-B9F4-4B55-A663-BC52A2035383}.Release|x64.ActiveCfg = Release|x64
		{7A6DBDE8-B9F4-4B55-A663-BC52A2035383}.Release|x64.Build.0 = Release|x64
		{7A6DBDE8-B9F4-4B55-A663-BC52A2035383}.Release|x86.ActiveCfg = Release|Win32
		{7A6DBDE8-B9F4-4B55-A663-BC52A2035383}.Release|x86.Build.0 = Release|Win32
		{15A557FE-ADD8-45FC-9B83-5501F3CC1640}.Debug|Any CPU.ActiveCfg = Debug|Win32
		{15A557FE-ADD8-45FC-9B83-5501F3CC1640}.Debug|x64.ActiveCfg = Debug|x64
		{15A557FE-ADD8-45FC-9B83-5501F3CC1640}.Debug|x64.Build.0 = Debug|x64
		{15A557FE-ADD8-45FC-9B83-5501F3CC1640}.Debug|x86.ActiveCfg = Debug|Win32
		{15A557FE-ADD8-45FC-9B83-5501F3CC1640}.Debug|x86.Build.0 = Debug|Win32
		{15A557FE-ADD8-45FC-9B83-5501F3CC1640}.Release|Any CPU.ActiveCfg = Release|Win32
		{15A557FE-ADD8-45FC-9B83-5501F3CC1640}.Release|x64.ActiveCfg = Release|x64
		{15A557FE-ADD8-45FC-9B83-5501F3CC1640}.Release|x64.Build.0 = Release|x64
		{15A557FE-ADD8-45FC-9B83-5501F3CC1640}.Release|x86.ActiveCfg = Release|Win32
		{15A557FE-ADD8-45FC-9B83-5501F3CC1640}.Release|x86.Build.0 = Release|Win32
		{C5A3C607-C5AE-4AB8-A23C-8B3315077F1E}.Debug|Any CPU.ActiveCfg = Debug|Win32
		{C5A3C607-C5AE-4AB8-A23C-8B3315077F1E}.Debug|x64.ActiveCfg = Debug|x64
		{C5A3C607-C5AE-4AB8-A23C-8B3315077F1E}.Debug|x64.Build.0 = Debug|x64
		{C5A3C607-C5AE-4AB8-A23C-8B3315077F1E}.Debug|x86.ActiveCfg = Debug|Win32
		{C5A3C607-C5AE-4AB8-A23C-8B3315077F1E}.Debug|x86.Build.0 = Debug|Win32
		{C5A3C607-C5AE-4AB8-A23C-8B3315077F1E}.Release|Any CPU.ActiveCfg = Release|Win32
		{C5A3C607-C5AE-4AB8-A23C-8B3315077F1E}.Release|x64.ActiveCfg = Release|x64
		{C5A3C607-C5AE-4AB8-A23C-8B3315077F1E}.Release|x64.Build.0 = Release|x64
		{C5A3C607-C5AE-4AB8-A23C-8B3315077F1E}.Release|x86.ActiveCfg = Release|Win32
		{C5A3C607-C5AE-4AB8-A23C-8B3315077F1E}.Release|x86.Build.0 = Release|Win32
		{C6ECA51C-34A8-4DAC-9A8A-93DA7899F434}.Debug|Any CPU.ActiveCfg = Debug|Any CPU
		{C6ECA51C-34A8-4DAC-9A8A-93DA7899F434}.Debug|x64.ActiveCfg = Debug|Any CPU
		{C6ECA51C-34A8-4DAC-9A8A-93DA7899F434}.Debug|x86.ActiveCfg = Debug|Any CPU
		{C6ECA51C-34A8-4DAC-9A8A-93DA7899F434}.Release|Any CPU.ActiveCfg = Release|Any CPU
		{C6ECA51C-34A8-4DAC-9A8A-93DA7899F434}.Release|x64.ActiveCfg = Release|Any CPU
		{C6ECA51C-34A8-4DAC-9A8A-93DA7899F434}.Release|x86.ActiveCfg = Release|Any CPU
		{1525A949-6E8D-497A-9924-5221A3E85694}.Debug|Any CPU.ActiveCfg = Debug|Win32
		{1525A949-6E8D-497A-9924-5221A3E85694}.Debug|x64.ActiveCfg = Debug|x64
		{1525A949-6E8D-497A-9924-5221A3E85694}.Debug|x64.Build.0 = Debug|x64
		{1525A949-6E8D-497A-9924-5221A3E85694}.Debug|x86.ActiveCfg = Debug|Win32
		{1525A949-6E8D-497A-9924-5221A3E85694}.Debug|x86.Build.0 = Debug|Win32
		{1525A949-6E8D-497A-9924-5221A3E85694}.Release|Any CPU.ActiveCfg = Release|Win32
		{1525A949-6E8D-497A-9924-5221A3E85694}.Release|x64.ActiveCfg = Release|x64
		{1525A949-6E8D-497A-9924-5221A3E85694}.Release|x64.Build.0 = Release|x64
		{1525A949-6E8D-497A-9924-5221A3E85694}.Release|x86.ActiveCfg = Release|Win32
		{1525A949-6E8D-497A-9924-5221A3E85694}.Release|x86.Build.0 = Release|Win32
	EndGlobalSection
	GlobalSection(SolutionProperties) = preSolution
		HideSolutionNode = FALSE
	EndGlobalSection
	GlobalSection(ExtensibilityGlobals) = postSolution
		SolutionGuid = {138BF521-2AA5-4943-9F45-F996C7191A25}
	EndGlobalSection
EndGlobal
